// !$*UTF8*$!
{
	archiveVersion = 1;
	classes = {
	};
	objectVersion = 50;
	objects = {

/* Begin PBXBuildFile section */
		088012C42317AD53007A724C /* BadgeSymbol.swift in Sources */ = {isa = PBXBuildFile; fileRef = 088012C32317AD53007A724C /* BadgeSymbol.swift */; };
		088012C72317BD2D007A724C /* RotatedBadgeSymbol.swift in Sources */ = {isa = PBXBuildFile; fileRef = 088012C62317BD2D007A724C /* RotatedBadgeSymbol.swift */; };
		088012C92317C11F007A724C /* BadgeBackground.swift in Sources */ = {isa = PBXBuildFile; fileRef = 088012C82317C11F007A724C /* BadgeBackground.swift */; };
		0883ADE823169AB600E6E7B4 /* Badge.swift in Sources */ = {isa = PBXBuildFile; fileRef = 0883ADE723169AB600E6E7B4 /* Badge.swift */; };
		0891BA23230EA2C100B122E2 /* MovieModel.swift in Sources */ = {isa = PBXBuildFile; fileRef = 0891BA22230EA2C100B122E2 /* MovieModel.swift */; };
		08E84A5E2310032000AB87FE /* CustomView.swift in Sources */ = {isa = PBXBuildFile; fileRef = 08E84A5D2310032000AB87FE /* CustomView.swift */; };
		08E84A612310038800AB87FE /* MoviesViewModel.swift in Sources */ = {isa = PBXBuildFile; fileRef = 08E84A602310038800AB87FE /* MoviesViewModel.swift */; };
		08EB5240230D7136009B5A60 /* AppDelegate.swift in Sources */ = {isa = PBXBuildFile; fileRef = 08EB523F230D7136009B5A60 /* AppDelegate.swift */; };
		08EB5242230D7136009B5A60 /* SceneDelegate.swift in Sources */ = {isa = PBXBuildFile; fileRef = 08EB5241230D7136009B5A60 /* SceneDelegate.swift */; };
		08EB5246230D713B009B5A60 /* Assets.xcassets in Resources */ = {isa = PBXBuildFile; fileRef = 08EB5245230D713B009B5A60 /* Assets.xcassets */; };
		08EB5249230D713B009B5A60 /* Preview Assets.xcassets in Resources */ = {isa = PBXBuildFile; fileRef = 08EB5248230D713B009B5A60 /* Preview Assets.xcassets */; };
		08EB524C230D713B009B5A60 /* LaunchScreen.storyboard in Resources */ = {isa = PBXBuildFile; fileRef = 08EB524A230D713B009B5A60 /* LaunchScreen.storyboard */; };
		08EB5254230D717A009B5A60 /* MainView.swift in Sources */ = {isa = PBXBuildFile; fileRef = 08EB5253230D717A009B5A60 /* MainView.swift */; };
		08FC091023100F37001EC455 /* MovieDetailsView.swift in Sources */ = {isa = PBXBuildFile; fileRef = 08FC090F23100F37001EC455 /* MovieDetailsView.swift */; };
/* End PBXBuildFile section */

/* Begin PBXFileReference section */
		088012C32317AD53007A724C /* BadgeSymbol.swift */ = {isa = PBXFileReference; lastKnownFileType = sourcecode.swift; path = BadgeSymbol.swift; sourceTree = "<group>"; };
		088012C62317BD2D007A724C /* RotatedBadgeSymbol.swift */ = {isa = PBXFileReference; lastKnownFileType = sourcecode.swift; path = RotatedBadgeSymbol.swift; sourceTree = "<group>"; };
		088012C82317C11F007A724C /* BadgeBackground.swift */ = {isa = PBXFileReference; lastKnownFileType = sourcecode.swift; path = BadgeBackground.swift; sourceTree = "<group>"; };
		0883ADE723169AB600E6E7B4 /* Badge.swift */ = {isa = PBXFileReference; lastKnownFileType = sourcecode.swift; path = Badge.swift; sourceTree = "<group>"; };
		0891BA22230EA2C100B122E2 /* MovieModel.swift */ = {isa = PBXFileReference; lastKnownFileType = sourcecode.swift; path = MovieModel.swift; sourceTree = "<group>"; };
		08E84A5D2310032000AB87FE /* CustomView.swift */ = {isa = PBXFileReference; lastKnownFileType = sourcecode.swift; path = CustomView.swift; sourceTree = "<group>"; };
		08E84A602310038800AB87FE /* MoviesViewModel.swift */ = {isa = PBXFileReference; lastKnownFileType = sourcecode.swift; path = MoviesViewModel.swift; sourceTree = "<group>"; };
		08EB523C230D7136009B5A60 /* SwiftUIDemo1.app */ = {isa = PBXFileReference; explicitFileType = wrapper.application; includeInIndex = 0; path = SwiftUIDemo1.app; sourceTree = BUILT_PRODUCTS_DIR; };
		08EB523F230D7136009B5A60 /* AppDelegate.swift */ = {isa = PBXFileReference; lastKnownFileType = sourcecode.swift; path = AppDelegate.swift; sourceTree = "<group>"; };
		08EB5241230D7136009B5A60 /* SceneDelegate.swift */ = {isa = PBXFileReference; lastKnownFileType = sourcecode.swift; path = SceneDelegate.swift; sourceTree = "<group>"; };
		08EB5245230D713B009B5A60 /* Assets.xcassets */ = {isa = PBXFileReference; lastKnownFileType = folder.assetcatalog; path = Assets.xcassets; sourceTree = "<group>"; };
		08EB5248230D713B009B5A60 /* Preview Assets.xcassets */ = {isa = PBXFileReference; lastKnownFileType = folder.assetcatalog; path = "Preview Assets.xcassets"; sourceTree = "<group>"; };
		08EB524B230D713B009B5A60 /* Base */ = {isa = PBXFileReference; lastKnownFileType = file.storyboard; name = Base; path = Base.lproj/LaunchScreen.storyboard; sourceTree = "<group>"; };
		08EB524D230D713B009B5A60 /* Info.plist */ = {isa = PBXFileReference; lastKnownFileType = text.plist.xml; path = Info.plist; sourceTree = "<group>"; };
		08EB5253230D717A009B5A60 /* MainView.swift */ = {isa = PBXFileReference; lastKnownFileType = sourcecode.swift; path = MainView.swift; sourceTree = "<group>"; };
		08FC090F23100F37001EC455 /* MovieDetailsView.swift */ = {isa = PBXFileReference; lastKnownFileType = sourcecode.swift; path = MovieDetailsView.swift; sourceTree = "<group>"; };
/* End PBXFileReference section */

/* Begin PBXFrameworksBuildPhase section */
		08EB5239230D7136009B5A60 /* Frameworks */ = {
			isa = PBXFrameworksBuildPhase;
			buildActionMask = 2147483647;
			files = (
			);
			runOnlyForDeploymentPostprocessing = 0;
		};
/* End PBXFrameworksBuildPhase section */

/* Begin PBXGroup section */
		088012C52317BD0E007A724C /* Badge */ = {
			isa = PBXGroup;
			children = (
				0883ADE723169AB600E6E7B4 /* Badge.swift */,
				088012C32317AD53007A724C /* BadgeSymbol.swift */,
				088012C62317BD2D007A724C /* RotatedBadgeSymbol.swift */,
				088012C82317C11F007A724C /* BadgeBackground.swift */,
			);
			path = Badge;
			sourceTree = "<group>";
		};
		0891BA21230E9CDA00B122E2 /* Model */ = {
			isa = PBXGroup;
			children = (
				0891BA22230EA2C100B122E2 /* MovieModel.swift */,
			);
			path = Model;
			sourceTree = "<group>";
		};
		08E84A5C2310030800AB87FE /* View */ = {
			isa = PBXGroup;
			children = (
				088012C52317BD0E007A724C /* Badge */,
				08EB5253230D717A009B5A60 /* MainView.swift */,
				08E84A5D2310032000AB87FE /* CustomView.swift */,
				08FC090F23100F37001EC455 /* MovieDetailsView.swift */,
			);
			path = View;
			sourceTree = "<group>";
		};
		08E84A5F2310037000AB87FE /* ViewModel */ = {
			isa = PBXGroup;
			children = (
				08E84A602310038800AB87FE /* MoviesViewModel.swift */,
			);
			path = ViewModel;
			sourceTree = "<group>";
		};
		08EB5233230D7136009B5A60 = {
			isa = PBXGroup;
			children = (
				08EB523E230D7136009B5A60 /* SwiftUIDemo1 */,
				08EB523D230D7136009B5A60 /* Products */,
			);
			sourceTree = "<group>";
		};
		08EB523D230D7136009B5A60 /* Products */ = {
			isa = PBXGroup;
			children = (
				08EB523C230D7136009B5A60 /* SwiftUIDemo1.app */,
			);
			name = Products;
			sourceTree = "<group>";
		};
		08EB523E230D7136009B5A60 /* SwiftUIDemo1 */ = {
			isa = PBXGroup;
			children = (
				08E84A5F2310037000AB87FE /* ViewModel */,
				08E84A5C2310030800AB87FE /* View */,
				0891BA21230E9CDA00B122E2 /* Model */,
				08EB523F230D7136009B5A60 /* AppDelegate.swift */,
				08EB5241230D7136009B5A60 /* SceneDelegate.swift */,
				08EB5245230D713B009B5A60 /* Assets.xcassets */,
				08EB524A230D713B009B5A60 /* LaunchScreen.storyboard */,
				08EB524D230D713B009B5A60 /* Info.plist */,
				08EB5247230D713B009B5A60 /* Preview Content */,
			);
			path = SwiftUIDemo1;
			sourceTree = "<group>";
		};
		08EB5247230D713B009B5A60 /* Preview Content */ = {
			isa = PBXGroup;
			children = (
				08EB5248230D713B009B5A60 /* Preview Assets.xcassets */,
			);
			path = "Preview Content";
			sourceTree = "<group>";
		};
/* End PBXGroup section */

/* Begin PBXNativeTarget section */
		08EB523B230D7136009B5A60 /* SwiftUIDemo1 */ = {
			isa = PBXNativeTarget;
			buildConfigurationList = 08EB5250230D713B009B5A60 /* Build configuration list for PBXNativeTarget "SwiftUIDemo1" */;
			buildPhases = (
				08EB5238230D7136009B5A60 /* Sources */,
				08EB5239230D7136009B5A60 /* Frameworks */,
				08EB523A230D7136009B5A60 /* Resources */,
			);
			buildRules = (
			);
			dependencies = (
			);
			name = SwiftUIDemo1;
			productName = SwiftUIDemo1;
			productReference = 08EB523C230D7136009B5A60 /* SwiftUIDemo1.app */;
			productType = "com.apple.product-type.application";
		};
/* End PBXNativeTarget section */

/* Begin PBXProject section */
		08EB5234230D7136009B5A60 /* Project object */ = {
			isa = PBXProject;
			attributes = {
				LastSwiftUpdateCheck = 1100;
				LastUpgradeCheck = 1100;
				ORGANIZATIONNAME = "Ratnadeep Govande";
				TargetAttributes = {
					08EB523B230D7136009B5A60 = {
						CreatedOnToolsVersion = 11.0;
					};
				};
			};
			buildConfigurationList = 08EB5237230D7136009B5A60 /* Build configuration list for PBXProject "SwiftUIDemo1" */;
			compatibilityVersion = "Xcode 9.3";
			developmentRegion = en;
			hasScannedForEncodings = 0;
			knownRegions = (
				en,
				Base,
			);
			mainGroup = 08EB5233230D7136009B5A60;
			productRefGroup = 08EB523D230D7136009B5A60 /* Products */;
			projectDirPath = "";
			projectRoot = "";
			targets = (
				08EB523B230D7136009B5A60 /* SwiftUIDemo1 */,
			);
		};
/* End PBXProject section */

/* Begin PBXResourcesBuildPhase section */
		08EB523A230D7136009B5A60 /* Resources */ = {
			isa = PBXResourcesBuildPhase;
			buildActionMask = 2147483647;
			files = (
				08EB524C230D713B009B5A60 /* LaunchScreen.storyboard in Resources */,
				08EB5249230D713B009B5A60 /* Preview Assets.xcassets in Resources */,
				08EB5246230D713B009B5A60 /* Assets.xcassets in Resources */,
			);
			runOnlyForDeploymentPostprocessing = 0;
		};
/* End PBXResourcesBuildPhase section */

/* Begin PBXSourcesBuildPhase section */
		08EB5238230D7136009B5A60 /* Sources */ = {
			isa = PBXSourcesBuildPhase;
			buildActionMask = 2147483647;
			files = (
				08E84A5E2310032000AB87FE /* CustomView.swift in Sources */,
				0883ADE823169AB600E6E7B4 /* Badge.swift in Sources */,
				088012C42317AD53007A724C /* BadgeSymbol.swift in Sources */,
				088012C72317BD2D007A724C /* RotatedBadgeSymbol.swift in Sources */,
				08FC091023100F37001EC455 /* MovieDetailsView.swift in Sources */,
				08E84A612310038800AB87FE /* MoviesViewModel.swift in Sources */,
				088012C92317C11F007A724C /* BadgeBackground.swift in Sources */,
				0891BA23230EA2C100B122E2 /* MovieModel.swift in Sources */,
				08EB5240230D7136009B5A60 /* AppDelegate.swift in Sources */,
				08EB5254230D717A009B5A60 /* MainView.swift in Sources */,
				08EB5242230D7136009B5A60 /* SceneDelegate.swift in Sources */,
			);
			runOnlyForDeploymentPostprocessing = 0;
		};
/* End PBXSourcesBuildPhase section */

/* Begin PBXVariantGroup section */
		08EB524A230D713B009B5A60 /* LaunchScreen.storyboard */ = {
			isa = PBXVariantGroup;
			children = (
				08EB524B230D713B009B5A60 /* Base */,
			);
			name = LaunchScreen.storyboard;
			sourceTree = "<group>";
		};
/* End PBXVariantGroup section */

/* Begin XCBuildConfiguration section */
		08EB524E230D713B009B5A60 /* Debug */ = {
			isa = XCBuildConfiguration;
			buildSettings = {
				ALWAYS_SEARCH_USER_PATHS = NO;
				CLANG_ANALYZER_NONNULL = YES;
				CLANG_ANALYZER_NUMBER_OBJECT_CONVERSION = YES_AGGRESSIVE;
				CLANG_CXX_LANGUAGE_STANDARD = "gnu++14";
				CLANG_CXX_LIBRARY = "libc++";
				CLANG_ENABLE_MODULES = YES;
				CLANG_ENABLE_OBJC_ARC = YES;
				CLANG_ENABLE_OBJC_WEAK = YES;
				CLANG_WARN_BLOCK_CAPTURE_AUTORELEASING = YES;
				CLANG_WARN_BOOL_CONVERSION = YES;
				CLANG_WARN_COMMA = YES;
				CLANG_WARN_CONSTANT_CONVERSION = YES;
				CLANG_WARN_DEPRECATED_OBJC_IMPLEMENTATIONS = YES;
				CLANG_WARN_DIRECT_OBJC_ISA_USAGE = YES_ERROR;
				CLANG_WARN_DOCUMENTATION_COMMENTS = YES;
				CLANG_WARN_EMPTY_BODY = YES;
				CLANG_WARN_ENUM_CONVERSION = YES;
				CLANG_WARN_INFINITE_RECURSION = YES;
				CLANG_WARN_INT_CONVERSION = YES;
				CLANG_WARN_NON_LITERAL_NULL_CONVERSION = YES;
				CLANG_WARN_OBJC_IMPLICIT_RETAIN_SELF = YES;
				CLANG_WARN_OBJC_LITERAL_CONVERSION = YES;
				CLANG_WARN_OBJC_ROOT_CLASS = YES_ERROR;
				CLANG_WARN_RANGE_LOOP_ANALYSIS = YES;
				CLANG_WARN_STRICT_PROTOTYPES = YES;
				CLANG_WARN_SUSPICIOUS_MOVE = YES;
				CLANG_WARN_UNGUARDED_AVAILABILITY = YES_AGGRESSIVE;
				CLANG_WARN_UNREACHABLE_CODE = YES;
				CLANG_WARN__DUPLICATE_METHOD_MATCH = YES;
				COPY_PHASE_STRIP = NO;
				DEBUG_INFORMATION_FORMAT = dwarf;
				ENABLE_STRICT_OBJC_MSGSEND = YES;
				ENABLE_TESTABILITY = YES;
				GCC_C_LANGUAGE_STANDARD = gnu11;
				GCC_DYNAMIC_NO_PIC = NO;
				GCC_NO_COMMON_BLOCKS = YES;
				GCC_OPTIMIZATION_LEVEL = 0;
				GCC_PREPROCESSOR_DEFINITIONS = (
					"DEBUG=1",
					"$(inherited)",
				);
				GCC_WARN_64_TO_32_BIT_CONVERSION = YES;
				GCC_WARN_ABOUT_RETURN_TYPE = YES_ERROR;
				GCC_WARN_UNDECLARED_SELECTOR = YES;
				GCC_WARN_UNINITIALIZED_AUTOS = YES_AGGRESSIVE;
				GCC_WARN_UNUSED_FUNCTION = YES;
				GCC_WARN_UNUSED_VARIABLE = YES;
				IPHONEOS_DEPLOYMENT_TARGET = 13.0;
				MTL_ENABLE_DEBUG_INFO = INCLUDE_SOURCE;
				MTL_FAST_MATH = YES;
				ONLY_ACTIVE_ARCH = YES;
				SDKROOT = iphoneos;
				SWIFT_ACTIVE_COMPILATION_CONDITIONS = DEBUG;
				SWIFT_OPTIMIZATION_LEVEL = "-Onone";
			};
			name = Debug;
		};
		08EB524F230D713B009B5A60 /* Release */ = {
			isa = XCBuildConfiguration;
			buildSettings = {
				ALWAYS_SEARCH_USER_PATHS = NO;
				CLANG_ANALYZER_NONNULL = YES;
				CLANG_ANALYZER_NUMBER_OBJECT_CONVERSION = YES_AGGRESSIVE;
				CLANG_CXX_LANGUAGE_STANDARD = "gnu++14";
				CLANG_CXX_LIBRARY = "libc++";
				CLANG_ENABLE_MODULES = YES;
				CLANG_ENABLE_OBJC_ARC = YES;
				CLANG_ENABLE_OBJC_WEAK = YES;
				CLANG_WARN_BLOCK_CAPTURE_AUTORELEASING = YES;
				CLANG_WARN_BOOL_CONVERSION = YES;
				CLANG_WARN_COMMA = YES;
				CLANG_WARN_CONSTANT_CONVERSION = YES;
				CLANG_WARN_DEPRECATED_OBJC_IMPLEMENTATIONS = YES;
				CLANG_WARN_DIRECT_OBJC_ISA_USAGE = YES_ERROR;
				CLANG_WARN_DOCUMENTATION_COMMENTS = YES;
				CLANG_WARN_EMPTY_BODY = YES;
				CLANG_WARN_ENUM_CONVERSION = YES;
				CLANG_WARN_INFINITE_RECURSION = YES;
				CLANG_WARN_INT_CONVERSION = YES;
				CLANG_WARN_NON_LITERAL_NULL_CONVERSION = YES;
				CLANG_WARN_OBJC_IMPLICIT_RETAIN_SELF = YES;
				CLANG_WARN_OBJC_LITERAL_CONVERSION = YES;
				CLANG_WARN_OBJC_ROOT_CLASS = YES_ERROR;
				CLANG_WARN_RANGE_LOOP_ANALYSIS = YES;
				CLANG_WARN_STRICT_PROTOTYPES = YES;
				CLANG_WARN_SUSPICIOUS_MOVE = YES;
				CLANG_WARN_UNGUARDED_AVAILABILITY = YES_AGGRESSIVE;
				CLANG_WARN_UNREACHABLE_CODE = YES;
				CLANG_WARN__DUPLICATE_METHOD_MATCH = YES;
				COPY_PHASE_STRIP = NO;
				DEBUG_INFORMATION_FORMAT = "dwarf-with-dsym";
				ENABLE_NS_ASSERTIONS = NO;
				ENABLE_STRICT_OBJC_MSGSEND = YES;
				GCC_C_LANGUAGE_STANDARD = gnu11;
				GCC_NO_COMMON_BLOCKS = YES;
				GCC_WARN_64_TO_32_BIT_CONVERSION = YES;
				GCC_WARN_ABOUT_RETURN_TYPE = YES_ERROR;
				GCC_WARN_UNDECLARED_SELECTOR = YES;
				GCC_WARN_UNINITIALIZED_AUTOS = YES_AGGRESSIVE;
				GCC_WARN_UNUSED_FUNCTION = YES;
				GCC_WARN_UNUSED_VARIABLE = YES;
				IPHONEOS_DEPLOYMENT_TARGET = 13.0;
				MTL_ENABLE_DEBUG_INFO = NO;
				MTL_FAST_MATH = YES;
				SDKROOT = iphoneos;
				SWIFT_COMPILATION_MODE = wholemodule;
				SWIFT_OPTIMIZATION_LEVEL = "-O";
				VALIDATE_PRODUCT = YES;
			};
			name = Release;
		};
		08EB5251230D713B009B5A60 /* Debug */ = {
			isa = XCBuildConfiguration;
			buildSettings = {
				ASSETCATALOG_COMPILER_APPICON_NAME = AppIcon;
				CODE_SIGN_STYLE = Automatic;
				DEVELOPMENT_ASSET_PATHS = "SwiftUIDemo1/Preview\\ Content";
				DEVELOPMENT_TEAM = 9PVTCS24P6;
				ENABLE_PREVIEWS = YES;
				INFOPLIST_FILE = SwiftUIDemo1/Info.plist;
				LD_RUNPATH_SEARCH_PATHS = (
					"$(inherited)",
					"@executable_path/Frameworks",
				);
				PRODUCT_BUNDLE_IDENTIFIER = "com.quest-gobal.SwiftUIDemo1";
				PRODUCT_NAME = "$(TARGET_NAME)";
				SWIFT_VERSION = 5.0;
				TARGETED_DEVICE_FAMILY = "1,2";
			};
			name = Debug;
		};
		08EB5252230D713B009B5A60 /* Release */ = {
			isa = XCBuildConfiguration;
			buildSettings = {
				ASSETCATALOG_COMPILER_APPICON_NAME = AppIcon;
				CODE_SIGN_STYLE = Automatic;
				DEVELOPMENT_ASSET_PATHS = "SwiftUIDemo1/Preview\\ Content";
				DEVELOPMENT_TEAM = 9PVTCS24P6;
				ENABLE_PREVIEWS = YES;
				INFOPLIST_FILE = SwiftUIDemo1/Info.plist;
				LD_RUNPATH_SEARCH_PATHS = (
					"$(inherited)",
					"@executable_path/Frameworks",
				);
				PRODUCT_BUNDLE_IDENTIFIER = "com.quest-gobal.SwiftUIDemo1";
				PRODUCT_NAME = "$(TARGET_NAME)";
				SWIFT_VERSION = 5.0;
				TARGETED_DEVICE_FAMILY = "1,2";
			};
			name = Release;
		};
/* End XCBuildConfiguration section */

/* Begin XCConfigurationList section */
		08EB5237230D7136009B5A60 /* Build configuration list for PBXProject "SwiftUIDemo1" */ = {
			isa = XCConfigurationList;
			buildConfigurations = (
				08EB524E230D713B009B5A60 /* Debug */,
				08EB524F230D713B009B5A60 /* Release */,
			);
			defaultConfigurationIsVisible = 0;
			defaultConfigurationName = Release;
		};
		08EB5250230D713B009B5A60 /* Build configuration list for PBXNativeTarget "SwiftUIDemo1" */ = {
			isa = XCConfigurationList;
			buildConfigurations = (
				08EB5251230D713B009B5A60 /* Debug */,
				08EB5252230D713B009B5A60 /* Release */,
			);
			defaultConfigurationIsVisible = 0;
			defaultConfigurationName = Release;
		};
/* End XCConfigurationList section */
	};
	rootObject = 08EB5234230D7136009B5A60 /* Project object */;
}
